
Microsoft Visual Studio Solution File, Format Version 12.00
# Visual Studio Version 17
VisualStudioVersion = 17.2.32519.379
MinimumVisualStudioVersion = 10.0.40219.1
Project("{888888A0-9F3D-457C-B088-3A5042F75D52}") = "Train AI to Play Snake", "Train AI to Play Snake\Train AI to Play Snake.pyproj", "{BA7C62E1-EA47-4B18-A6B9-E13B650E8A8B}"
EndProject
Global
	GlobalSection(SolutionConfigurationPlatforms) = preSolution
		Debug|Any CPU = Debug|Any CPU
		Release|Any CPU = Release|Any CPU
	EndGlobalSection
	GlobalSection(ProjectConfigurationPlatforms) = postSolution
		{BA7C62E1-EA47-4B18-A6B9-E13B650E8A8B}.Debug|Any CPU.ActiveCfg = Debug|Any CPU
		{BA7C62E1-EA47-4B18-A6B9-E13B650E8A8B}.Release|Any CPU.ActiveCfg = Release|Any CPU
	EndGlobalSection
	GlobalSection(SolutionProperties) = preSolution
		HideSolutionNode = FALSE
	EndGlobalSection
	GlobalSection(ExtensibilityGlobals) = postSolution
		SolutionGuid = {844B8A37-FFD4-4945-9F90-FE5101336E4C}
	EndGlobalSection
EndGlobal
